
Microsoft Visual Studio Solution File, Format Version 12.00
# Visual Studio 15
VisualStudioVersion = 15.0.27004.2010
MinimumVisualStudioVersion = 10.0.40219.1
Project("{FAE04EC0-301F-11D3-BF4B-00C04F79EFBC}") = "Plecak", "Plecak\Plecak.csproj", "{26ABE952-D6AE-441F-9839-13ECBD93EB85}"
EndProject
Global
	GlobalSection(SolutionConfigurationPlatforms) = preSolution
		Debug|Any CPU = Debug|Any CPU
		Release|Any CPU = Release|Any CPU
	EndGlobalSection
	GlobalSection(ProjectConfigurationPlatforms) = postSolution
		{26ABE952-D6AE-441F-9839-13ECBD93EB85}.Debug|Any CPU.ActiveCfg = Debug|Any CPU
		{26ABE952-D6AE-441F-9839-13ECBD93EB85}.Debug|Any CPU.Build.0 = Debug|Any CPU
		{26ABE952-D6AE-441F-9839-13ECBD93EB85}.Release|Any CPU.ActiveCfg = Release|Any CPU
		{26ABE952-D6AE-441F-9839-13ECBD93EB85}.Release|Any CPU.Build.0 = Release|Any CPU
	EndGlobalSection
	GlobalSection(SolutionProperties) = preSolution
		HideSolutionNode = FALSE
	EndGlobalSection
	GlobalSection(ExtensibilityGlobals) = postSolution
		SolutionGuid = {85FD94CC-B84A-42F6-A229-ACA8BCB37FCD}
	EndGlobalSection
EndGlobal
